// !$*UTF8*$!
{
	archiveVersion = 1;
	classes = {
	};
	objectVersion = 56;
	objects = {

/* Begin PBXBuildFile section */
		336F74521E07E136009BCC1B /* Assets.xcassets in Resources */ = {isa = PBXBuildFile; fileRef = 336F74511E07E136009BCC1B /* Assets.xcassets */; };
		33CD48BF1F866DB7000C454F /* ScriptingBridge.framework in Frameworks */ = {isa = PBXBuildFile; fileRef = 33CD48BE1F866DB7000C454F /* ScriptingBridge.framework */; };
		CC00000000000000000001A1 /* AppDelegate.swift in Sources */ = {isa = PBXBuildFile; fileRef = CC00000000000000000000A1 /* AppDelegate.swift */; };
		CC00000000000000000001A2 /* MediaKeyCode.swift in Sources */ = {isa = PBXBuildFile; fileRef = CC00000000000000000000A2 /* MediaKeyCode.swift */; };
		CC00000000000000000001A3 /* MediaKeyEventTap.swift in Sources */ = {isa = PBXBuildFile; fileRef = CC00000000000000000000A3 /* MediaKeyEventTap.swift */; };
		CC00000000000000000001A4 /* AppleMusicBridge.swift in Sources */ = {isa = PBXBuildFile; fileRef = CC00000000000000000000A4 /* AppleMusicBridge.swift */; };
		CC00000000000000000001A5 /* SpotifyBridge.swift in Sources */ = {isa = PBXBuildFile; fileRef = CC00000000000000000000A5 /* SpotifyBridge.swift */; };
		CC00000000000000000001A6 /* KeyHoldStateMachine.swift in Sources */ = {isa = PBXBuildFile; fileRef = CC00000000000000000000A6 /* KeyHoldStateMachine.swift */; };
		CC00000000000000000001A7 /* MediaPlayerController.swift in Sources */ = {isa = PBXBuildFile; fileRef = CC00000000000000000000A7 /* MediaPlayerController.swift */; };
		CC00000000000000000001A8 /* AppPreferences.swift in Sources */ = {isa = PBXBuildFile; fileRef = CC00000000000000000000A8 /* AppPreferences.swift */; };
		CC00000000000000000001A9 /* LoginItemManager.swift in Sources */ = {isa = PBXBuildFile; fileRef = CC00000000000000000000A9 /* LoginItemManager.swift */; };
		CC00000000000000000001AA /* StatusBarController.swift in Sources */ = {isa = PBXBuildFile; fileRef = CC00000000000000000000AA /* StatusBarController.swift */; };
		CC00000000000000000001AB /* Localizable.xcstrings in Resources */ = {isa = PBXBuildFile; fileRef = CC00000000000000000000AB /* Localizable.xcstrings */; };
		CC00000000000000000001AC /* ServiceManagement.framework in Frameworks */ = {isa = PBXBuildFile; fileRef = CC00000000000000000000AC /* ServiceManagement.framework */; };
		CC00000000000000000001AD /* TidalBridge.swift in Sources */ = {isa = PBXBuildFile; fileRef = CC00000000000000000000AD /* TidalBridge.swift */; };
		CC00000000000000000001AE /* DeezerBridge.swift in Sources */ = {isa = PBXBuildFile; fileRef = CC00000000000000000000AE /* DeezerBridge.swift */; };
/* End PBXBuildFile section */

/* Begin PBXFileReference section */
		336F74481E07E136009BCC1B /* MacMediaKeyForwarder.app */ = {isa = PBXFileReference; explicitFileType = wrapper.application; includeInIndex = 0; path = MacMediaKeyForwarder.app; sourceTree = BUILT_PRODUCTS_DIR; };
		336F74511E07E136009BCC1B /* Assets.xcassets */ = {isa = PBXFileReference; lastKnownFileType = folder.assetcatalog; path = Assets.xcassets; sourceTree = "<group>"; };
		336F74561E07E136009BCC1B /* Info.plist */ = {isa = PBXFileReference; lastKnownFileType = text.plist.xml; path = Info.plist; sourceTree = "<group>"; };
		33CD48BE1F866DB7000C454F /* ScriptingBridge.framework */ = {isa = PBXFileReference; lastKnownFileType = wrapper.framework; name = ScriptingBridge.framework; path = System/Library/Frameworks/ScriptingBridge.framework; sourceTree = SDKROOT; };
		CC00000000000000000000A1 /* AppDelegate.swift */ = {isa = PBXFileReference; lastKnownFileType = sourcecode.swift; path = AppDelegate.swift; sourceTree = "<group>"; };
		CC00000000000000000000A2 /* MediaKeyCode.swift */ = {isa = PBXFileReference; lastKnownFileType = sourcecode.swift; path = MediaKeyCode.swift; sourceTree = "<group>"; };
		CC00000000000000000000A3 /* MediaKeyEventTap.swift */ = {isa = PBXFileReference; lastKnownFileType = sourcecode.swift; path = MediaKeyEventTap.swift; sourceTree = "<group>"; };
		CC00000000000000000000A4 /* AppleMusicBridge.swift */ = {isa = PBXFileReference; lastKnownFileType = sourcecode.swift; path = AppleMusicBridge.swift; sourceTree = "<group>"; };
		CC00000000000000000000A5 /* SpotifyBridge.swift */ = {isa = PBXFileReference; lastKnownFileType = sourcecode.swift; path = SpotifyBridge.swift; sourceTree = "<group>"; };
		CC00000000000000000000A6 /* KeyHoldStateMachine.swift */ = {isa = PBXFileReference; lastKnownFileType = sourcecode.swift; path = KeyHoldStateMachine.swift; sourceTree = "<group>"; };
		CC00000000000000000000A7 /* MediaPlayerController.swift */ = {isa = PBXFileReference; lastKnownFileType = sourcecode.swift; path = MediaPlayerController.swift; sourceTree = "<group>"; };
		CC00000000000000000000A8 /* AppPreferences.swift */ = {isa = PBXFileReference; lastKnownFileType = sourcecode.swift; path = AppPreferences.swift; sourceTree = "<group>"; };
		CC00000000000000000000A9 /* LoginItemManager.swift */ = {isa = PBXFileReference; lastKnownFileType = sourcecode.swift; path = LoginItemManager.swift; sourceTree = "<group>"; };
		CC00000000000000000000AA /* StatusBarController.swift */ = {isa = PBXFileReference; lastKnownFileType = sourcecode.swift; path = StatusBarController.swift; sourceTree = "<group>"; };
		CC00000000000000000000AB /* Localizable.xcstrings */ = {isa = PBXFileReference; lastKnownFileType = text.json.xcstrings; path = Localizable.xcstrings; sourceTree = "<group>"; };
		CC00000000000000000000AC /* ServiceManagement.framework */ = {isa = PBXFileReference; lastKnownFileType = wrapper.framework; name = ServiceManagement.framework; path = System/Library/Frameworks/ServiceManagement.framework; sourceTree = SDKROOT; };
		CC00000000000000000000AD /* TidalBridge.swift */ = {isa = PBXFileReference; lastKnownFileType = sourcecode.swift; path = TidalBridge.swift; sourceTree = "<group>"; };
		CC00000000000000000000AE /* DeezerBridge.swift */ = {isa = PBXFileReference; lastKnownFileType = sourcecode.swift; path = DeezerBridge.swift; sourceTree = "<group>"; };
/* End PBXFileReference section */

/* Begin PBXFrameworksBuildPhase section */
		336F74451E07E136009BCC1B /* Frameworks */ = {
			isa = PBXFrameworksBuildPhase;
			buildActionMask = 2147483647;
			files = (
				33CD48BF1F866DB7000C454F /* ScriptingBridge.framework in Frameworks */,
				CC00000000000000000001AC /* ServiceManagement.framework in Frameworks */,
			);
			runOnlyForDeploymentPostprocessing = 0;
		};
/* End PBXFrameworksBuildPhase section */

/* Begin PBXGroup section */
		336F743F1E07E136009BCC1B = {
			isa = PBXGroup;
			children = (
				336F744A1E07E136009BCC1B /* MacMediaKeyForwarder */,
				336F74491E07E136009BCC1B /* Products */,
				336F74631E07E4F6009BCC1B /* Frameworks */,
			);
			sourceTree = "<group>";
		};
		336F74491E07E136009BCC1B /* Products */ = {
			isa = PBXGroup;
			children = (
				336F74481E07E136009BCC1B /* MacMediaKeyForwarder.app */,
			);
			name = Products;
			sourceTree = "<group>";
		};
		336F744A1E07E136009BCC1B /* MacMediaKeyForwarder */ = {
			isa = PBXGroup;
			children = (
				CC00000000000000000000D1 /* App */,
				CC00000000000000000000D2 /* EventTap */,
				CC00000000000000000000D3 /* MediaControl */,
				CC00000000000000000000D4 /* Preferences */,
				CC00000000000000000000D5 /* MenuBar */,
				CC00000000000000000000D6 /* Resources */,
				336F74561E07E136009BCC1B /* Info.plist */,
			);
			path = MacMediaKeyForwarder;
			sourceTree = "<group>";
		};
		336F74631E07E4F6009BCC1B /* Frameworks */ = {
			isa = PBXGroup;
			children = (
				33CD48BE1F866DB7000C454F /* ScriptingBridge.framework */,
				CC00000000000000000000AC /* ServiceManagement.framework */,
			);
			name = Frameworks;
			sourceTree = "<group>";
		};
		CC00000000000000000000D1 /* App */ = {
			isa = PBXGroup;
			children = (
				CC00000000000000000000A1 /* AppDelegate.swift */,
			);
			path = App;
			sourceTree = "<group>";
		};
		CC00000000000000000000D2 /* EventTap */ = {
			isa = PBXGroup;
			children = (
				CC00000000000000000000A2 /* MediaKeyCode.swift */,
				CC00000000000000000000A3 /* MediaKeyEventTap.swift */,
			);
			path = EventTap;
			sourceTree = "<group>";
		};
		CC00000000000000000000D3 /* MediaControl */ = {
			isa = PBXGroup;
			children = (
				CC00000000000000000000A4 /* AppleMusicBridge.swift */,
				CC00000000000000000000A5 /* SpotifyBridge.swift */,
				CC00000000000000000000AD /* TidalBridge.swift */,
				CC00000000000000000000AE /* DeezerBridge.swift */,
				CC00000000000000000000A6 /* KeyHoldStateMachine.swift */,
				CC00000000000000000000A7 /* MediaPlayerController.swift */,
			);
			path = MediaControl;
			sourceTree = "<group>";
		};
		CC00000000000000000000D4 /* Preferences */ = {
			isa = PBXGroup;
			children = (
				CC00000000000000000000A8 /* AppPreferences.swift */,
				CC00000000000000000000A9 /* LoginItemManager.swift */,
			);
			path = Preferences;
			sourceTree = "<group>";
		};
		CC00000000000000000000D5 /* MenuBar */ = {
			isa = PBXGroup;
			children = (
				CC00000000000000000000AA /* StatusBarController.swift */,
			);
			path = MenuBar;
			sourceTree = "<group>";
		};
		CC00000000000000000000D6 /* Resources */ = {
			isa = PBXGroup;
			children = (
				336F74511E07E136009BCC1B /* Assets.xcassets */,
				CC00000000000000000000AB /* Localizable.xcstrings */,
			);
			path = Resources;
			sourceTree = "<group>";
		};
/* End PBXGroup section */

/* Begin PBXNativeTarget section */
		336F74471E07E136009BCC1B /* MacMediaKeyForwarder */ = {
			isa = PBXNativeTarget;
			buildConfigurationList = 336F74591E07E136009BCC1B /* Build configuration list for PBXNativeTarget "MacMediaKeyForwarder" */;
			buildPhases = (
				336F74441E07E136009BCC1B /* Sources */,
				336F74451E07E136009BCC1B /* Frameworks */,
				336F74461E07E136009BCC1B /* Resources */,
			);
			buildRules = (
			);
			dependencies = (
			);
			name = MacMediaKeyForwarder;
			productName = "High Sierra Media Key Enabler";
			productReference = 336F74481E07E136009BCC1B /* MacMediaKeyForwarder.app */;
			productType = "com.apple.product-type.application";
		};
/* End PBXNativeTarget section */

/* Begin PBXProject section */
		336F74401E07E136009BCC1B /* Project object */ = {
			isa = PBXProject;
			attributes = {
				BuildIndependentTargetsInParallel = YES;
				LastSwiftUpdateCheck = 1600;
				LastUpgradeCheck = 2610;
				ORGANIZATIONNAME = "Milan Toth";
				TargetAttributes = {
					336F74471E07E136009BCC1B = {
						CreatedOnToolsVersion = 8.2;
						LastSwiftMigration = 1600;
						SystemCapabilities = {
							com.apple.Sandbox = {
								enabled = 0;
							};
						};
					};
				};
			};
			buildConfigurationList = 336F74431E07E136009BCC1B /* Build configuration list for PBXProject "MacMediaKeyForwarder" */;
			compatibilityVersion = "Xcode 14.0";
			developmentRegion = en;
			hasScannedForEncodings = 0;
			knownRegions = (
				en,
				ko,
				de,
				es,
				hu,
				ru,
				da,
				ja,
				fi,
				pl,
				nl,
				fr,
				Base,
			);
			mainGroup = 336F743F1E07E136009BCC1B;
			productRefGroup = 336F74491E07E136009BCC1B /* Products */;
			projectDirPath = "";
			projectRoot = "";
			targets = (
				336F74471E07E136009BCC1B /* MacMediaKeyForwarder */,
			);
		};
/* End PBXProject section */

/* Begin PBXResourcesBuildPhase section */
		336F74461E07E136009BCC1B /* Resources */ = {
			isa = PBXResourcesBuildPhase;
			buildActionMask = 2147483647;
			files = (
				336F74521E07E136009BCC1B /* Assets.xcassets in Resources */,
				CC00000000000000000001AB /* Localizable.xcstrings in Resources */,
			);
			runOnlyForDeploymentPostprocessing = 0;
		};
/* End PBXResourcesBuildPhase section */

/* Begin PBXSourcesBuildPhase section */
		336F74441E07E136009BCC1B /* Sources */ = {
			isa = PBXSourcesBuildPhase;
			buildActionMask = 2147483647;
			files = (
				CC00000000000000000001A1 /* AppDelegate.swift in Sources */,
				CC00000000000000000001A2 /* MediaKeyCode.swift in Sources */,
				CC00000000000000000001A3 /* MediaKeyEventTap.swift in Sources */,
				CC00000000000000000001A4 /* AppleMusicBridge.swift in Sources */,
				CC00000000000000000001A5 /* SpotifyBridge.swift in Sources */,
				CC00000000000000000001A6 /* KeyHoldStateMachine.swift in Sources */,
				CC00000000000000000001A7 /* MediaPlayerController.swift in Sources */,
				CC00000000000000000001A8 /* AppPreferences.swift in Sources */,
				CC00000000000000000001A9 /* LoginItemManager.swift in Sources */,
				CC00000000000000000001AA /* StatusBarController.swift in Sources */,
				CC00000000000000000001AD /* TidalBridge.swift in Sources */,
				CC00000000000000000001AE /* DeezerBridge.swift in Sources */,
			);
			runOnlyForDeploymentPostprocessing = 0;
		};
/* End PBXSourcesBuildPhase section */

/* Begin XCBuildConfiguration section */
		336F74571E07E136009BCC1B /* Debug */ = {
			isa = XCBuildConfiguration;
			buildSettings = {
				ALWAYS_SEARCH_USER_PATHS = NO;
				CLANG_ANALYZER_LOCALIZABILITY_NONLOCALIZED = YES;
				CLANG_ANALYZER_NONNULL = YES;
				CLANG_CXX_LANGUAGE_STANDARD = "gnu++20";
				CLANG_CXX_LIBRARY = "libc++";
				CLANG_ENABLE_MODULES = YES;
				CLANG_ENABLE_OBJC_ARC = YES;
				CLANG_WARN_BLOCK_CAPTURE_AUTORELEASING = YES;
				CLANG_WARN_BOOL_CONVERSION = YES;
				CLANG_WARN_COMMA = YES;
				CLANG_WARN_CONSTANT_CONVERSION = YES;
				CLANG_WARN_DEPRECATED_OBJC_IMPLEMENTATIONS = YES;
				CLANG_WARN_DIRECT_OBJC_ISA_USAGE = YES_ERROR;
				CLANG_WARN_DOCUMENTATION_COMMENTS = YES;
				CLANG_WARN_EMPTY_BODY = YES;
				CLANG_WARN_ENUM_CONVERSION = YES;
				CLANG_WARN_INFINITE_RECURSION = YES;
				CLANG_WARN_INT_CONVERSION = YES;
				CLANG_WARN_NON_LITERAL_NULL_CONVERSION = YES;
				CLANG_WARN_OBJC_IMPLICIT_RETAIN_SELF = YES;
				CLANG_WARN_OBJC_LITERAL_CONVERSION = YES;
				CLANG_WARN_OBJC_ROOT_CLASS = YES_ERROR;
				CLANG_WARN_QUOTED_INCLUDE_IN_FRAMEWORK_HEADER = YES;
				CLANG_WARN_RANGE_LOOP_ANALYSIS = YES;
				CLANG_WARN_STRICT_PROTOTYPES = YES;
				CLANG_WARN_SUSPICIOUS_MOVE = YES;
				CLANG_WARN_UNREACHABLE_CODE = YES;
				CLANG_WARN__DUPLICATE_METHOD_MATCH = YES;
				CODE_SIGN_IDENTITY = "-";
				COPY_PHASE_STRIP = NO;
				DEAD_CODE_STRIPPING = YES;
				DEBUG_INFORMATION_FORMAT = dwarf;
				ENABLE_STRICT_OBJC_MSGSEND = YES;
				ENABLE_TESTABILITY = YES;
				ENABLE_USER_SCRIPT_SANDBOXING = YES;
				GCC_C_LANGUAGE_STANDARD = gnu17;
				GCC_DYNAMIC_NO_PIC = NO;
				GCC_NO_COMMON_BLOCKS = YES;
				GCC_OPTIMIZATION_LEVEL = 0;
				GCC_PREPROCESSOR_DEFINITIONS = (
					"DEBUG=1",
					"$(inherited)",
				);
				GCC_WARN_64_TO_32_BIT_CONVERSION = YES;
				GCC_WARN_ABOUT_RETURN_TYPE = YES_ERROR;
				GCC_WARN_UNDECLARED_SELECTOR = YES;
				GCC_WARN_UNINITIALIZED_AUTOS = YES_AGGRESSIVE;
				GCC_WARN_UNUSED_FUNCTION = YES;
				GCC_WARN_UNUSED_VARIABLE = YES;
				MACOSX_DEPLOYMENT_TARGET = 14.0;
				MTL_ENABLE_DEBUG_INFO = YES;
				ONLY_ACTIVE_ARCH = YES;
				SDKROOT = macosx;
				STRING_CATALOG_GENERATE_SYMBOLS = YES;
				SWIFT_ACTIVE_COMPILATION_CONDITIONS = "$(inherited) DEBUG";
				SWIFT_OPTIMIZATION_LEVEL = "-Onone";
			};
			name = Debug;
		};
		336F74581E07E136009BCC1B /* Release */ = {
			isa = XCBuildConfiguration;
			buildSettings = {
				ALWAYS_SEARCH_USER_PATHS = NO;
				CLANG_ANALYZER_LOCALIZABILITY_NONLOCALIZED = YES;
				CLANG_ANALYZER_NONNULL = YES;
				CLANG_CXX_LANGUAGE_STANDARD = "gnu++20";
				CLANG_CXX_LIBRARY = "libc++";
				CLANG_ENABLE_MODULES = YES;
				CLANG_ENABLE_OBJC_ARC = YES;
				CLANG_WARN_BLOCK_CAPTURE_AUTORELEASING = YES;
				CLANG_WARN_BOOL_CONVERSION = YES;
				CLANG_WARN_COMMA = YES;
				CLANG_WARN_CONSTANT_CONVERSION = YES;
				CLANG_WARN_DEPRECATED_OBJC_IMPLEMENTATIONS = YES;
				CLANG_WARN_DIRECT_OBJC_ISA_USAGE = YES_ERROR;
				CLANG_WARN_DOCUMENTATION_COMMENTS = YES;
				CLANG_WARN_EMPTY_BODY = YES;
				CLANG_WARN_ENUM_CONVERSION = YES;
				CLANG_WARN_INFINITE_RECURSION = YES;
				CLANG_WARN_INT_CONVERSION = YES;
				CLANG_WARN_NON_LITERAL_NULL_CONVERSION = YES;
				CLANG_WARN_OBJC_IMPLICIT_RETAIN_SELF = YES;
				CLANG_WARN_OBJC_LITERAL_CONVERSION = YES;
				CLANG_WARN_OBJC_ROOT_CLASS = YES_ERROR;
				CLANG_WARN_QUOTED_INCLUDE_IN_FRAMEWORK_HEADER = YES;
				CLANG_WARN_RANGE_LOOP_ANALYSIS = YES;
				CLANG_WARN_STRICT_PROTOTYPES = YES;
				CLANG_WARN_SUSPICIOUS_MOVE = YES;
				CLANG_WARN_UNREACHABLE_CODE = YES;
				CLANG_WARN__DUPLICATE_METHOD_MATCH = YES;
				CODE_SIGN_IDENTITY = "-";
				COPY_PHASE_STRIP = NO;
				DEAD_CODE_STRIPPING = YES;
				DEBUG_INFORMATION_FORMAT = "dwarf-with-dsym";
				ENABLE_NS_ASSERTIONS = NO;
				ENABLE_STRICT_OBJC_MSGSEND = YES;
				ENABLE_USER_SCRIPT_SANDBOXING = YES;
				GCC_C_LANGUAGE_STANDARD = gnu17;
				GCC_NO_COMMON_BLOCKS = YES;
				GCC_WARN_64_TO_32_BIT_CONVERSION = YES;
				GCC_WARN_ABOUT_RETURN_TYPE = YES_ERROR;
				GCC_WARN_UNDECLARED_SELECTOR = YES;
				GCC_WARN_UNINITIALIZED_AUTOS = YES_AGGRESSIVE;
				GCC_WARN_UNUSED_FUNCTION = YES;
				GCC_WARN_UNUSED_VARIABLE = YES;
				MACOSX_DEPLOYMENT_TARGET = 14.0;
				MTL_ENABLE_DEBUG_INFO = NO;
				SDKROOT = macosx;
				STRING_CATALOG_GENERATE_SYMBOLS = YES;
				SWIFT_COMPILATION_MODE = wholemodule;
			};
			name = Release;
		};
		336F745A1E07E136009BCC1B /* Debug */ = {
			isa = XCBuildConfiguration;
			buildSettings = {
				ASSETCATALOG_COMPILER_APPICON_NAME = AppIcon;
				CODE_SIGN_IDENTITY = "Apple Development";
				"CODE_SIGN_IDENTITY[sdk=macosx*]" = "-";
				CODE_SIGN_STYLE = Automatic;
				COMBINE_HIDPI_IMAGES = YES;
				DEAD_CODE_STRIPPING = YES;
				DEVELOPMENT_TEAM = "";
				ENABLE_HARDENED_RUNTIME = YES;
				INFOPLIST_FILE = MacMediaKeyForwarder/Info.plist;
				INFOPLIST_KEY_LSApplicationCategoryType = "public.app-category.music";
				LD_RUNPATH_SEARCH_PATHS = (
					"$(inherited)",
					"@executable_path/../Frameworks",
				);
				MACOSX_DEPLOYMENT_TARGET = 14.0;
				MARKETING_VERSION = 4.2.0;
				PRODUCT_BUNDLE_IDENTIFIER = eu.meyer.mmkf;
				PRODUCT_NAME = "$(TARGET_NAME)";
				PROVISIONING_PROFILE_SPECIFIER = "";
				SWIFT_VERSION = 5.0;
			};
			name = Debug;
		};
		336F745B1E07E136009BCC1B /* Release */ = {
			isa = XCBuildConfiguration;
			buildSettings = {
				ASSETCATALOG_COMPILER_APPICON_NAME = AppIcon;
				CODE_SIGN_IDENTITY = "Apple Development";
				"CODE_SIGN_IDENTITY[sdk=macosx*]" = "-";
				CODE_SIGN_STYLE = Automatic;
				COMBINE_HIDPI_IMAGES = YES;
				DEAD_CODE_STRIPPING = YES;
				DEVELOPMENT_TEAM = "";
				ENABLE_HARDENED_RUNTIME = YES;
				INFOPLIST_FILE = MacMediaKeyForwarder/Info.plist;
				INFOPLIST_KEY_LSApplicationCategoryType = "public.app-category.music";
				LD_RUNPATH_SEARCH_PATHS = (
					"$(inherited)",
					"@executable_path/../Frameworks",
				);
				MACOSX_DEPLOYMENT_TARGET = 14.0;
				MARKETING_VERSION = 4.2.0;
				PRODUCT_BUNDLE_IDENTIFIER = eu.meyer.mmkf;
				PRODUCT_NAME = "$(TARGET_NAME)";
				PROVISIONING_PROFILE_SPECIFIER = "";
				SWIFT_VERSION = 5.0;
			};
			name = Release;
		};
/* End XCBuildConfiguration section */

/* Begin XCConfigurationList section */
		336F74431E07E136009BCC1B /* Build configuration list for PBXProject "MacMediaKeyForwarder" */ = {
			isa = XCConfigurationList;
			buildConfigurations = (
				336F74571E07E136009BCC1B /* Debug */,
				336F74581E07E136009BCC1B /* Release */,
			);
			defaultConfigurationIsVisible = 0;
			defaultConfigurationName = Release;
		};
		336F74591E07E136009BCC1B /* Build configuration list for PBXNativeTarget "MacMediaKeyForwarder" */ = {
			isa = XCConfigurationList;
			buildConfigurations = (
				336F745A1E07E136009BCC1B /* Debug */,
				336F745B1E07E136009BCC1B /* Release */,
			);
			defaultConfigurationIsVisible = 0;
			defaultConfigurationName = Release;
		};
/* End XCConfigurationList section */
	};
	rootObject = 336F74401E07E136009BCC1B /* Project object */;
}
